
Microsoft Visual Studio Solution File, Format Version 12.00
# Visual Studio Version 17
VisualStudioVersion = 17.8.34511.84
MinimumVisualStudioVersion = 10.0.40219.1
Project("{FAE04EC0-301F-11D3-BF4B-00C04F79EFBC}") = "PrintGaransi", "PrintGaransi\PrintGaransi.csproj", "{37D45C39-273C-48A7-BA17-12DC11CA38AD}"
EndProject
Global
	GlobalSection(SolutionConfigurationPlatforms) = preSolution
		Debug|Any CPU = Debug|Any CPU
		Release|Any CPU = Release|Any CPU
	EndGlobalSection
	GlobalSection(ProjectConfigurationPlatforms) = postSolution
		{37D45C39-273C-48A7-BA17-12DC11CA38AD}.Debug|Any CPU.ActiveCfg = Debug|Any CPU
		{37D45C39-273C-48A7-BA17-12DC11CA38AD}.Debug|Any CPU.Build.0 = Debug|Any CPU
		{37D45C39-273C-48A7-BA17-12DC11CA38AD}.Release|Any CPU.ActiveCfg = Release|Any CPU
		{37D45C39-273C-48A7-BA17-12DC11CA38AD}.Release|Any CPU.Build.0 = Release|Any CPU
	EndGlobalSection
	GlobalSection(SolutionProperties) = preSolution
		HideSolutionNode = FALSE
	EndGlobalSection
	GlobalSection(ExtensibilityGlobals) = postSolution
		SolutionGuid = {CD763462-D9C0-4847-A65F-4FF3ABECECFF}
	EndGlobalSection
EndGlobal
